// !$*UTF8*$!
{
	archiveVersion = 1;
	classes = {
	};
	objectVersion = 46;
	objects = {

/* Begin PBXBuildFile section */
		1171B5141961B6FD00889803 /* Foundation.framework in Frameworks */ = {isa = PBXBuildFile; fileRef = 1171B5131961B6FD00889803 /* Foundation.framework */; };
		1171B5161961B6FD00889803 /* CoreGraphics.framework in Frameworks */ = {isa = PBXBuildFile; fileRef = 1171B5151961B6FD00889803 /* CoreGraphics.framework */; };
		1171B5181961B6FD00889803 /* UIKit.framework in Frameworks */ = {isa = PBXBuildFile; fileRef = 1171B5171961B6FD00889803 /* UIKit.framework */; };
		1171B51E1961B6FD00889803 /* InfoPlist.strings in Resources */ = {isa = PBXBuildFile; fileRef = 1171B51C1961B6FD00889803 /* InfoPlist.strings */; };
		1171B5201961B6FD00889803 /* main.m in Sources */ = {isa = PBXBuildFile; fileRef = 1171B51F1961B6FD00889803 /* main.m */; };
		1171B5241961B6FD00889803 /* AppDelegate.m in Sources */ = {isa = PBXBuildFile; fileRef = 1171B5231961B6FD00889803 /* AppDelegate.m */; };
		1171B5261961B6FD00889803 /* Images.xcassets in Resources */ = {isa = PBXBuildFile; fileRef = 1171B5251961B6FD00889803 /* Images.xcassets */; };
		1171B52D1961B6FD00889803 /* XCTest.framework in Frameworks */ = {isa = PBXBuildFile; fileRef = 1171B52C1961B6FD00889803 /* XCTest.framework */; };
		1171B52E1961B6FD00889803 /* Foundation.framework in Frameworks */ = {isa = PBXBuildFile; fileRef = 1171B5131961B6FD00889803 /* Foundation.framework */; };
		1171B52F1961B6FD00889803 /* UIKit.framework in Frameworks */ = {isa = PBXBuildFile; fileRef = 1171B5171961B6FD00889803 /* UIKit.framework */; };
		1171B5371961B6FD00889803 /* InfoPlist.strings in Resources */ = {isa = PBXBuildFile; fileRef = 1171B5351961B6FD00889803 /* InfoPlist.strings */; };
		1171B5391961B6FD00889803 /* CollectionViewSampleTests.m in Sources */ = {isa = PBXBuildFile; fileRef = 1171B5381961B6FD00889803 /* CollectionViewSampleTests.m */; };
		1171B5441961B7D300889803 /* MyCollectionViewController.m in Sources */ = {isa = PBXBuildFile; fileRef = 1171B5431961B7D300889803 /* MyCollectionViewController.m */; };
		1171B5471961C94400889803 /* MyCollectionViewLayout.m in Sources */ = {isa = PBXBuildFile; fileRef = 1171B5461961C94400889803 /* MyCollectionViewLayout.m */; };
/* End PBXBuildFile section */

/* Begin PBXContainerItemProxy section */
		1171B5301961B6FD00889803 /* PBXContainerItemProxy */ = {
			isa = PBXContainerItemProxy;
			containerPortal = 1171B5081961B6FD00889803 /* Project object */;
			proxyType = 1;
			remoteGlobalIDString = 1171B50F1961B6FD00889803;
			remoteInfo = CollectionViewSample;
		};
/* End PBXContainerItemProxy section */

/* Begin PBXFileReference section */
		1171B5101961B6FD00889803 /* CollectionViewSample.app */ = {isa = PBXFileReference; explicitFileType = wrapper.application; includeInIndex = 0; path = CollectionViewSample.app; sourceTree = BUILT_PRODUCTS_DIR; };
		1171B5131961B6FD00889803 /* Foundation.framework */ = {isa = PBXFileReference; lastKnownFileType = wrapper.framework; name = Foundation.framework; path = System/Library/Frameworks/Foundation.framework; sourceTree = SDKROOT; };
		1171B5151961B6FD00889803 /* CoreGraphics.framework */ = {isa = PBXFileReference; lastKnownFileType = wrapper.framework; name = CoreGraphics.framework; path = System/Library/Frameworks/CoreGraphics.framework; sourceTree = SDKROOT; };
		1171B5171961B6FD00889803 /* UIKit.framework */ = {isa = PBXFileReference; lastKnownFileType = wrapper.framework; name = UIKit.framework; path = System/Library/Frameworks/UIKit.framework; sourceTree = SDKROOT; };
		1171B51B1961B6FD00889803 /* CollectionViewSample-Info.plist */ = {isa = PBXFileReference; lastKnownFileType = text.plist.xml; path = "CollectionViewSample-Info.plist"; sourceTree = "<group>"; };
		1171B51D1961B6FD00889803 /* en */ = {isa = PBXFileReference; lastKnownFileType = text.plist.strings; name = en; path = en.lproj/InfoPlist.strings; sourceTree = "<group>"; };
		1171B51F1961B6FD00889803 /* main.m */ = {isa = PBXFileReference; lastKnownFileType = sourcecode.c.objc; path = main.m; sourceTree = "<group>"; };
		1171B5211961B6FD00889803 /* CollectionViewSample-Prefix.pch */ = {isa = PBXFileReference; lastKnownFileType = sourcecode.c.h; path = "CollectionViewSample-Prefix.pch"; sourceTree = "<group>"; };
		1171B5221961B6FD00889803 /* AppDelegate.h */ = {isa = PBXFileReference; lastKnownFileType = sourcecode.c.h; path = AppDelegate.h; sourceTree = "<group>"; };
		1171B5231961B6FD00889803 /* AppDelegate.m */ = {isa = PBXFileReference; lastKnownFileType = sourcecode.c.objc; path = AppDelegate.m; sourceTree = "<group>"; };
		1171B5251961B6FD00889803 /* Images.xcassets */ = {isa = PBXFileReference; lastKnownFileType = folder.assetcatalog; path = Images.xcassets; sourceTree = "<group>"; };
		1171B52B1961B6FD00889803 /* CollectionViewSampleTests.xctest */ = {isa = PBXFileReference; explicitFileType = wrapper.cfbundle; includeInIndex = 0; path = CollectionViewSampleTests.xctest; sourceTree = BUILT_PRODUCTS_DIR; };
		1171B52C1961B6FD00889803 /* XCTest.framework */ = {isa = PBXFileReference; lastKnownFileType = wrapper.framework; name = XCTest.framework; path = Library/Frameworks/XCTest.framework; sourceTree = DEVELOPER_DIR; };
		1171B5341961B6FD00889803 /* CollectionViewSampleTests-Info.plist */ = {isa = PBXFileReference; lastKnownFileType = text.plist.xml; path = "CollectionViewSampleTests-Info.plist"; sourceTree = "<group>"; };
		1171B5361961B6FD00889803 /* en */ = {isa = PBXFileReference; lastKnownFileType = text.plist.strings; name = en; path = en.lproj/InfoPlist.strings; sourceTree = "<group>"; };
		1171B5381961B6FD00889803 /* CollectionViewSampleTests.m */ = {isa = PBXFileReference; lastKnownFileType = sourcecode.c.objc; path = CollectionViewSampleTests.m; sourceTree = "<group>"; };
		1171B5421961B7D300889803 /* MyCollectionViewController.h */ = {isa = PBXFileReference; fileEncoding = 4; lastKnownFileType = sourcecode.c.h; path = MyCollectionViewController.h; sourceTree = "<group>"; };
		1171B5431961B7D300889803 /* MyCollectionViewController.m */ = {isa = PBXFileReference; fileEncoding = 4; lastKnownFileType = sourcecode.c.objc; path = MyCollectionViewController.m; sourceTree = "<group>"; };
		1171B5451961C94400889803 /* MyCollectionViewLayout.h */ = {isa = PBXFileReference; fileEncoding = 4; lastKnownFileType = sourcecode.c.h; path = MyCollectionViewLayout.h; sourceTree = "<group>"; };
		1171B5461961C94400889803 /* MyCollectionViewLayout.m */ = {isa = PBXFileReference; fileEncoding = 4; lastKnownFileType = sourcecode.c.objc; path = MyCollectionViewLayout.m; sourceTree = "<group>"; };
/* End PBXFileReference section */

/* Begin PBXFrameworksBuildPhase section */
		1171B50D1961B6FD00889803 /* Frameworks */ = {
			isa = PBXFrameworksBuildPhase;
			buildActionMask = 2147483647;
			files = (
				1171B5161961B6FD00889803 /* CoreGraphics.framework in Frameworks */,
				1171B5181961B6FD00889803 /* UIKit.framework in Frameworks */,
				1171B5141961B6FD00889803 /* Foundation.framework in Frameworks */,
			);
			runOnlyForDeploymentPostprocessing = 0;
		};
		1171B5281961B6FD00889803 /* Frameworks */ = {
			isa = PBXFrameworksBuildPhase;
			buildActionMask = 2147483647;
			files = (
				1171B52D1961B6FD00889803 /* XCTest.framework in Frameworks */,
				1171B52F1961B6FD00889803 /* UIKit.framework in Frameworks */,
				1171B52E1961B6FD00889803 /* Foundation.framework in Frameworks */,
			);
			runOnlyForDeploymentPostprocessing = 0;
		};
/* End PBXFrameworksBuildPhase section */

/* Begin PBXGroup section */
		1171B5071961B6FD00889803 = {
			isa = PBXGroup;
			children = (
				1171B5191961B6FD00889803 /* CollectionViewSample */,
				1171B5321961B6FD00889803 /* CollectionViewSampleTests */,
				1171B5121961B6FD00889803 /* Frameworks */,
				1171B5111961B6FD00889803 /* Products */,
			);
			sourceTree = "<group>";
		};
		1171B5111961B6FD00889803 /* Products */ = {
			isa = PBXGroup;
			children = (
				1171B5101961B6FD00889803 /* CollectionViewSample.app */,
				1171B52B1961B6FD00889803 /* CollectionViewSampleTests.xctest */,
			);
			name = Products;
			sourceTree = "<group>";
		};
		1171B5121961B6FD00889803 /* Frameworks */ = {
			isa = PBXGroup;
			children = (
				1171B5131961B6FD00889803 /* Foundation.framework */,
				1171B5151961B6FD00889803 /* CoreGraphics.framework */,
				1171B5171961B6FD00889803 /* UIKit.framework */,
				1171B52C1961B6FD00889803 /* XCTest.framework */,
			);
			name = Frameworks;
			sourceTree = "<group>";
		};
		1171B5191961B6FD00889803 /* CollectionViewSample */ = {
			isa = PBXGroup;
			children = (
				1171B5221961B6FD00889803 /* AppDelegate.h */,
				1171B5231961B6FD00889803 /* AppDelegate.m */,
				1171B5251961B6FD00889803 /* Images.xcassets */,
				1171B5421961B7D300889803 /* MyCollectionViewController.h */,
				1171B5431961B7D300889803 /* MyCollectionViewController.m */,
				1171B5451961C94400889803 /* MyCollectionViewLayout.h */,
				1171B5461961C94400889803 /* MyCollectionViewLayout.m */,
				1171B51A1961B6FD00889803 /* Supporting Files */,
			);
			path = CollectionViewSample;
			sourceTree = "<group>";
		};
		1171B51A1961B6FD00889803 /* Supporting Files */ = {
			isa = PBXGroup;
			children = (
				1171B51B1961B6FD00889803 /* CollectionViewSample-Info.plist */,
				1171B51C1961B6FD00889803 /* InfoPlist.strings */,
				1171B51F1961B6FD00889803 /* main.m */,
				1171B5211961B6FD00889803 /* CollectionViewSample-Prefix.pch */,
			);
			name = "Supporting Files";
			sourceTree = "<group>";
		};
		1171B5321961B6FD00889803 /* CollectionViewSampleTests */ = {
			isa = PBXGroup;
			children = (
				1171B5381961B6FD00889803 /* CollectionViewSampleTests.m */,
				1171B5331961B6FD00889803 /* Supporting Files */,
			);
			path = CollectionViewSampleTests;
			sourceTree = "<group>";
		};
		1171B5331961B6FD00889803 /* Supporting Files */ = {
			isa = PBXGroup;
			children = (
				1171B5341961B6FD00889803 /* CollectionViewSampleTests-Info.plist */,
				1171B5351961B6FD00889803 /* InfoPlist.strings */,
			);
			name = "Supporting Files";
			sourceTree = "<group>";
		};
/* End PBXGroup section */

/* Begin PBXNativeTarget section */
		1171B50F1961B6FD00889803 /* CollectionViewSample */ = {
			isa = PBXNativeTarget;
			buildConfigurationList = 1171B53C1961B6FD00889803 /* Build configuration list for PBXNativeTarget "CollectionViewSample" */;
			buildPhases = (
				1171B50C1961B6FD00889803 /* Sources */,
				1171B50D1961B6FD00889803 /* Frameworks */,
				1171B50E1961B6FD00889803 /* Resources */,
			);
			buildRules = (
			);
			dependencies = (
			);
			name = CollectionViewSample;
			productName = CollectionViewSample;
			productReference = 1171B5101961B6FD00889803 /* CollectionViewSample.app */;
			productType = "com.apple.product-type.application";
		};
		1171B52A1961B6FD00889803 /* CollectionViewSampleTests */ = {
			isa = PBXNativeTarget;
			buildConfigurationList = 1171B53F1961B6FD00889803 /* Build configuration list for PBXNativeTarget "CollectionViewSampleTests" */;
			buildPhases = (
				1171B5271961B6FD00889803 /* Sources */,
				1171B5281961B6FD00889803 /* Frameworks */,
				1171B5291961B6FD00889803 /* Resources */,
			);
			buildRules = (
			);
			dependencies = (
				1171B5311961B6FD00889803 /* PBXTargetDependency */,
			);
			name = CollectionViewSampleTests;
			productName = CollectionViewSampleTests;
			productReference = 1171B52B1961B6FD00889803 /* CollectionViewSampleTests.xctest */;
			productType = "com.apple.product-type.bundle.unit-test";
		};
/* End PBXNativeTarget section */

/* Begin PBXProject section */
		1171B5081961B6FD00889803 /* Project object */ = {
			isa = PBXProject;
			attributes = {
				LastUpgradeCheck = 0510;
				ORGANIZATIONNAME = "Phillip Harris";
				TargetAttributes = {
					1171B52A1961B6FD00889803 = {
						TestTargetID = 1171B50F1961B6FD00889803;
					};
				};
			};
			buildConfigurationList = 1171B50B1961B6FD00889803 /* Build configuration list for PBXProject "CollectionViewSample" */;
			compatibilityVersion = "Xcode 3.2";
			developmentRegion = English;
			hasScannedForEncodings = 0;
			knownRegions = (
				en,
			);
			mainGroup = 1171B5071961B6FD00889803;
			productRefGroup = 1171B5111961B6FD00889803 /* Products */;
			projectDirPath = "";
			projectRoot = "";
			targets = (
				1171B50F1961B6FD00889803 /* CollectionViewSample */,
				1171B52A1961B6FD00889803 /* CollectionViewSampleTests */,
			);
		};
/* End PBXProject section */

/* Begin PBXResourcesBuildPhase section */
		1171B50E1961B6FD00889803 /* Resources */ = {
			isa = PBXResourcesBuildPhase;
			buildActionMask = 2147483647;
			files = (
				1171B51E1961B6FD00889803 /* InfoPlist.strings in Resources */,
				1171B5261961B6FD00889803 /* Images.xcassets in Resources */,
			);
			runOnlyForDeploymentPostprocessing = 0;
		};
		1171B5291961B6FD00889803 /* Resources */ = {
			isa = PBXResourcesBuildPhase;
			buildActionMask = 2147483647;
			files = (
				1171B5371961B6FD00889803 /* InfoPlist.strings in Resources */,
			);
			runOnlyForDeploymentPostprocessing = 0;
		};
/* End PBXResourcesBuildPhase section */

/* Begin PBXSourcesBuildPhase section */
		1171B50C1961B6FD00889803 /* Sources */ = {
			isa = PBXSourcesBuildPhase;
			buildActionMask = 2147483647;
			files = (
				1171B5241961B6FD00889803 /* AppDelegate.m in Sources */,
				1171B5201961B6FD00889803 /* main.m in Sources */,
				1171B5471961C94400889803 /* MyCollectionViewLayout.m in Sources */,
				1171B5441961B7D300889803 /* MyCollectionViewController.m in Sources */,
			);
			runOnlyForDeploymentPostprocessing = 0;
		};
		1171B5271961B6FD00889803 /* Sources */ = {
			isa = PBXSourcesBuildPhase;
			buildActionMask = 2147483647;
			files = (
				1171B5391961B6FD00889803 /* CollectionViewSampleTests.m in Sources */,
			);
			runOnlyForDeploymentPostprocessing = 0;
		};
/* End PBXSourcesBuildPhase section */

/* Begin PBXTargetDependency section */
		1171B5311961B6FD00889803 /* PBXTargetDependency */ = {
			isa = PBXTargetDependency;
			target = 1171B50F1961B6FD00889803 /* CollectionViewSample */;
			targetProxy = 1171B5301961B6FD00889803 /* PBXContainerItemProxy */;
		};
/* End PBXTargetDependency section */

/* Begin PBXVariantGroup section */
		1171B51C1961B6FD00889803 /* InfoPlist.strings */ = {
			isa = PBXVariantGroup;
			children = (
				1171B51D1961B6FD00889803 /* en */,
			);
			name = InfoPlist.strings;
			sourceTree = "<group>";
		};
		1171B5351961B6FD00889803 /* InfoPlist.strings */ = {
			isa = PBXVariantGroup;
			children = (
				1171B5361961B6FD00889803 /* en */,
			);
			name = InfoPlist.strings;
			sourceTree = "<group>";
		};
/* End PBXVariantGroup section */

/* Begin XCBuildConfiguration section */
		1171B53A1961B6FD00889803 /* Debug */ = {
			isa = XCBuildConfiguration;
			buildSettings = {
				ALWAYS_SEARCH_USER_PATHS = NO;
				CLANG_CXX_LANGUAGE_STANDARD = "gnu++0x";
				CLANG_CXX_LIBRARY = "libc++";
				CLANG_ENABLE_MODULES = YES;
				CLANG_ENABLE_OBJC_ARC = YES;
				CLANG_WARN_BOOL_CONVERSION = YES;
				CLANG_WARN_CONSTANT_CONVERSION = YES;
				CLANG_WARN_DIRECT_OBJC_ISA_USAGE = YES_ERROR;
				CLANG_WARN_EMPTY_BODY = YES;
				CLANG_WARN_ENUM_CONVERSION = YES;
				CLANG_WARN_INT_CONVERSION = YES;
				CLANG_WARN_OBJC_ROOT_CLASS = YES_ERROR;
				CLANG_WARN__DUPLICATE_METHOD_MATCH = YES;
				"CODE_SIGN_IDENTITY[sdk=iphoneos*]" = "iPhone Developer";
				COPY_PHASE_STRIP = NO;
				GCC_C_LANGUAGE_STANDARD = gnu99;
				GCC_DYNAMIC_NO_PIC = NO;
				GCC_OPTIMIZATION_LEVEL = 0;
				GCC_PREPROCESSOR_DEFINITIONS = (
					"DEBUG=1",
					"$(inherited)",
				);
				GCC_SYMBOLS_PRIVATE_EXTERN = NO;
				GCC_WARN_64_TO_32_BIT_CONVERSION = YES;
				GCC_WARN_ABOUT_RETURN_TYPE = YES_ERROR;
				GCC_WARN_UNDECLARED_SELECTOR = YES;
				GCC_WARN_UNINITIALIZED_AUTOS = YES_AGGRESSIVE;
				GCC_WARN_UNUSED_FUNCTION = YES;
				GCC_WARN_UNUSED_VARIABLE = YES;
				IPHONEOS_DEPLOYMENT_TARGET = 7.1;
				ONLY_ACTIVE_ARCH = YES;
				SDKROOT = iphoneos;
			};
			name = Debug;
		};
		1171B53B1961B6FD00889803 /* Release */ = {
			isa = XCBuildConfiguration;
			buildSettings = {
				ALWAYS_SEARCH_USER_PATHS = NO;
				CLANG_CXX_LANGUAGE_STANDARD = "gnu++0x";
				CLANG_CXX_LIBRARY = "libc++";
				CLANG_ENABLE_MODULES = YES;
				CLANG_ENABLE_OBJC_ARC = YES;
				CLANG_WARN_BOOL_CONVERSION = YES;
				CLANG_WARN_CONSTANT_CONVERSION = YES;
				CLANG_WARN_DIRECT_OBJC_ISA_USAGE = YES_ERROR;
				CLANG_WARN_EMPTY_BODY = YES;
				CLANG_WARN_ENUM_CONVERSION = YES;
				CLANG_WARN_INT_CONVERSION = YES;
				CLANG_WARN_OBJC_ROOT_CLASS = YES_ERROR;
				CLANG_WARN__DUPLICATE_METHOD_MATCH = YES;
				"CODE_SIGN_IDENTITY[sdk=iphoneos*]" = "iPhone Developer";
				COPY_PHASE_STRIP = YES;
				ENABLE_NS_ASSERTIONS = NO;
				GCC_C_LANGUAGE_STANDARD = gnu99;
				GCC_WARN_64_TO_32_BIT_CONVERSION = YES;
				GCC_WARN_ABOUT_RETURN_TYPE = YES_ERROR;
				GCC_WARN_UNDECLARED_SELECTOR = YES;
				GCC_WARN_UNINITIALIZED_AUTOS = YES_AGGRESSIVE;
				GCC_WARN_UNUSED_FUNCTION = YES;
				GCC_WARN_UNUSED_VARIABLE = YES;
				IPHONEOS_DEPLOYMENT_TARGET = 7.1;
				SDKROOT = iphoneos;
				VALIDATE_PRODUCT = YES;
			};
			name = Release;
		};
		1171B53D1961B6FD00889803 /* Debug */ = {
			isa = XCBuildConfiguration;
			buildSettings = {
				ASSETCATALOG_COMPILER_APPICON_NAME = AppIcon;
				ASSETCATALOG_COMPILER_LAUNCHIMAGE_NAME = LaunchImage;
				GCC_PRECOMPILE_PREFIX_HEADER = YES;
				GCC_PREFIX_HEADER = "CollectionViewSample/CollectionViewSample-Prefix.pch";
				INFOPLIST_FILE = "CollectionViewSample/CollectionViewSample-Info.plist";
				PRODUCT_NAME = "$(TARGET_NAME)";
				WRAPPER_EXTENSION = app;
			};
			name = Debug;
		};
		1171B53E1961B6FD00889803 /* Release */ = {
			isa = XCBuildConfiguration;
			buildSettings = {
				ASSETCATALOG_COMPILER_APPICON_NAME = AppIcon;
				ASSETCATALOG_COMPILER_LAUNCHIMAGE_NAME = LaunchImage;
				GCC_PRECOMPILE_PREFIX_HEADER = YES;
				GCC_PREFIX_HEADER = "CollectionViewSample/CollectionViewSample-Prefix.pch";
				INFOPLIST_FILE = "CollectionViewSample/CollectionViewSample-Info.plist";
				PRODUCT_NAME = "$(TARGET_NAME)";
				WRAPPER_EXTENSION = app;
			};
			name = Release;
		};
		1171B5401961B6FD00889803 /* Debug */ = {
			isa = XCBuildConfiguration;
			buildSettings = {
				BUNDLE_LOADER = "$(BUILT_PRODUCTS_DIR)/CollectionViewSample.app/CollectionViewSample";
				FRAMEWORK_SEARCH_PATHS = (
					"$(SDKROOT)/Developer/Library/Frameworks",
					"$(inherited)",
					"$(DEVELOPER_FRAMEWORKS_DIR)",
				);
				GCC_PRECOMPILE_PREFIX_HEADER = YES;
				GCC_PREFIX_HEADER = "CollectionViewSample/CollectionViewSample-Prefix.pch";
				GCC_PREPROCESSOR_DEFINITIONS = (
					"DEBUG=1",
					"$(inherited)",
				);
				INFOPLIST_FILE = "CollectionViewSampleTests/CollectionViewSampleTests-Info.plist";
				PRODUCT_NAME = "$(TARGET_NAME)";
				TEST_HOST = "$(BUNDLE_LOADER)";
				WRAPPER_EXTENSION = xctest;
			};
			name = Debug;
		};
		1171B5411961B6FD00889803 /* Release */ = {
			isa = XCBuildConfiguration;
			buildSettings = {
				BUNDLE_LOADER = "$(BUILT_PRODUCTS_DIR)/CollectionViewSample.app/CollectionViewSample";
				FRAMEWORK_SEARCH_PATHS = (
					"$(SDKROOT)/Developer/Library/Frameworks",
					"$(inherited)",
					"$(DEVELOPER_FRAMEWORKS_DIR)",
				);
				GCC_PRECOMPILE_PREFIX_HEADER = YES;
				GCC_PREFIX_HEADER = "CollectionViewSample/CollectionViewSample-Prefix.pch";
				INFOPLIST_FILE = "CollectionViewSampleTests/CollectionViewSampleTests-Info.plist";
				PRODUCT_NAME = "$(TARGET_NAME)";
				TEST_HOST = "$(BUNDLE_LOADER)";
				WRAPPER_EXTENSION = xctest;
			};
			name = Release;
		};
/* End XCBuildConfiguration section */

/* Begin XCConfigurationList section */
		1171B50B1961B6FD00889803 /* Build configuration list for PBXProject "CollectionViewSample" */ = {
			isa = XCConfigurationList;
			buildConfigurations = (
				1171B53A1961B6FD00889803 /* Debug */,
				1171B53B1961B6FD00889803 /* Release */,
			);
			defaultConfigurationIsVisible = 0;
			defaultConfigurationName = Release;
		};
		1171B53C1961B6FD00889803 /* Build configuration list for PBXNativeTarget "CollectionViewSample" */ = {
			isa = XCConfigurationList;
			buildConfigurations = (
				1171B53D1961B6FD00889803 /* Debug */,
				1171B53E1961B6FD00889803 /* Release */,
			);
			defaultConfigurationIsVisible = 0;
		};
		1171B53F1961B6FD00889803 /* Build configuration list for PBXNativeTarget "CollectionViewSampleTests" */ = {
			isa = XCConfigurationList;
			buildConfigurations = (
				1171B5401961B6FD00889803 /* Debug */,
				1171B5411961B6FD00889803 /* Release */,
			);
			defaultConfigurationIsVisible = 0;
		};
/* End XCConfigurationList section */
	};
	rootObject = 1171B5081961B6FD00889803 /* Project object */;
}
